[root]
name = "exeutils"
version = "0.1.0"
dependencies = [
 "exefmt 0.1.0 (git+https://github.com/monocasa/exefmt.git)",
 "getopts 0.2.14 (registry+https://github.com/rust-lang/crates.io-index)",
 "opcode 0.1.0 (git+https://github.com/monocasa/opcode.git)",
]

[[package]]
name = "byteorder"
version = "0.3.13"
source = "registry+https://github.com/rust-lang/crates.io-index"

[[package]]
name = "exefmt"
version = "0.1.0"
source = "git+https://github.com/monocasa/exefmt.git#5b6bc7e35faf04157cbf0119f5db83a5d0fd5e95"
dependencies = [
 "byteorder 0.3.13 (registry+https://github.com/rust-lang/crates.io-index)",
]

[[package]]
name = "getopts"
version = "0.2.14"
source = "registry+https://github.com/rust-lang/crates.io-index"

[[package]]
name = "opcode"
version = "0.1.0"
source = "git+https://github.com/monocasa/opcode.git#41dc285d64d01395b4bbfb546b158829f334454d"

