[root]
name = "exeutils"
version = "0.1.0"
dependencies = [
 "exefmt 0.1.0 (git+https://github.com/monocasa/exefmt.git)",
 "getopts 0.2.14 (registry+https://github.com/rust-lang/crates.io-index)",
 "opcode 0.1.0 (git+https://github.com/monocasa/opcode.git)",
]

[[package]]
name = "byteorder"
version = "0.3.13"
source = "registry+https://github.com/rust-lang/crates.io-index"

[[package]]
name = "exefmt"
version = "0.1.0"
source = "git+https://github.com/monocasa/exefmt.git#45ee26bd3c32ec50e0957267c993679752925fdb"
dependencies = [
 "byteorder 0.3.13 (registry+https://github.com/rust-lang/crates.io-index)",
]

[[package]]
name = "getopts"
version = "0.2.14"
source = "registry+https://github.com/rust-lang/crates.io-index"

[[package]]
name = "opcode"
version = "0.1.0"
source = "git+https://github.com/monocasa/opcode.git#f8af0d5069d75b91328766f268cb1f5453bae66a"

